
Microsoft Visual Studio Solution File, Format Version 12.00
Project("{FAE04EC0-301F-11D3-BF4B-00C04F79EFBC}") = "MDK.01.08_lab4_prisyazhnyy", "MDK.01.08_lab4_prisyazhnyy\MDK.01.08_lab4_prisyazhnyy.csproj", "{B12E763E-AA8E-471C-877A-9F0566DA950F}"
EndProject
Global
	GlobalSection(SolutionConfigurationPlatforms) = preSolution
		Debug|Any CPU = Debug|Any CPU
		Release|Any CPU = Release|Any CPU
	EndGlobalSection
	GlobalSection(ProjectConfigurationPlatforms) = postSolution
		{B12E763E-AA8E-471C-877A-9F0566DA950F}.Debug|Any CPU.ActiveCfg = Debug|Any CPU
		{B12E763E-AA8E-471C-877A-9F0566DA950F}.Debug|Any CPU.Build.0 = Debug|Any CPU
		{B12E763E-AA8E-471C-877A-9F0566DA950F}.Release|Any CPU.ActiveCfg = Release|Any CPU
		{B12E763E-AA8E-471C-877A-9F0566DA950F}.Release|Any CPU.Build.0 = Release|Any CPU
	EndGlobalSection
EndGlobal
